
Microsoft Visual Studio Solution File, Format Version 12.00
Project("{FAE04EC0-301F-11D3-BF4B-00C04F79EFBC}") = "ProcessTracker.Fake.Api", "ProcessTracker.Fake.Api\ProcessTracker.Fake.Api.csproj", "{5500D865-72F2-431E-BB48-6A8C26D8BACB}"
EndProject
Global
	GlobalSection(SolutionConfigurationPlatforms) = preSolution
		Debug|Any CPU = Debug|Any CPU
		Release|Any CPU = Release|Any CPU
	EndGlobalSection
	GlobalSection(ProjectConfigurationPlatforms) = postSolution
		{5500D865-72F2-431E-BB48-6A8C26D8BACB}.Debug|Any CPU.ActiveCfg = Debug|Any CPU
		{5500D865-72F2-431E-BB48-6A8C26D8BACB}.Debug|Any CPU.Build.0 = Debug|Any CPU
		{5500D865-72F2-431E-BB48-6A8C26D8BACB}.Release|Any CPU.ActiveCfg = Release|Any CPU
		{5500D865-72F2-431E-BB48-6A8C26D8BACB}.Release|Any CPU.Build.0 = Release|Any CPU
	EndGlobalSection
EndGlobal
